PODS:
  - Capacitor (6.0.0):
    - CapacitorCordova
  - CapacitorApp (6.0.0):
    - Capacitor
  - CapacitorAppLauncher (6.0.0):
    - Capacitor
  - CapacitorClipboard (6.0.0):
    - Capacitor
  - CapacitorCordova (6.0.0)
  - CapacitorFilesystem (6.0.0):
    - Capacitor
  - CapacitorHaptics (6.0.0):
    - Capacitor
  - CapacitorMlkitBarcodeScanning (6.0.0):
    - Capacitor
    - GoogleMLKit/BarcodeScanning (= 4.0.0)
  - CapacitorNetwork (6.0.0):
    - Capacitor
  - CapacitorSecureStoragePlugin (0.9.0):
    - Capacitor
    - SwiftKeychainWrapper
  - CapacitorShare (6.0.0):
    - Capacitor
  - CapacitorStatusBar (6.0.0):
    - Capacitor
  - CapacitorToast (6.0.0):
    - Capacitor
  - CordovaPlugins (6.0.0):
    - CapacitorCordova
  - GoogleDataTransport (9.2.5):
    - GoogleUtilities/Environment (~> 7.7)
    - nanopb (< 2.30910.0, >= 2.30908.0)
    - PromisesObjC (< 3.0, >= 1.2)
  - GoogleMLKit/BarcodeScanning (4.0.0):
    - GoogleMLKit/MLKitCore
    - MLKitBarcodeScanning (~> 3.0.0)
  - GoogleMLKit/MLKitCore (4.0.0):
    - MLKitCommon (~> 9.0.0)
  - GoogleToolboxForMac/DebugUtils (2.3.2):
    - GoogleToolboxForMac/Defines (= 2.3.2)
  - GoogleToolboxForMac/Defines (2.3.2)
  - GoogleToolboxForMac/Logger (2.3.2):
    - GoogleToolboxForMac/Defines (= 2.3.2)
  - "GoogleToolboxForMac/NSData+zlib (2.3.2)":
    - GoogleToolboxForMac/Defines (= 2.3.2)
  - "GoogleToolboxForMac/NSDictionary+URLArguments (2.3.2)":
    - GoogleToolboxForMac/DebugUtils (= 2.3.2)
    - GoogleToolboxForMac/Defines (= 2.3.2)
    - "GoogleToolboxForMac/NSString+URLArguments (= 2.3.2)"
  - "GoogleToolboxForMac/NSString+URLArguments (2.3.2)"
  - GoogleUtilities/Environment (7.11.5):
    - PromisesObjC (< 3.0, >= 1.2)
  - GoogleUtilities/Logger (7.11.5):
    - GoogleUtilities/Environment
  - GoogleUtilities/UserDefaults (7.11.5):
    - GoogleUtilities/Logger
  - GoogleUtilitiesComponents (1.1.0):
    - GoogleUtilities/Logger
  - GTMSessionFetcher/Core (2.3.0)
  - MLImage (1.0.0-beta4)
  - MLKitBarcodeScanning (3.0.0):
    - MLKitCommon (~> 9.0)
    - MLKitVision (~> 5.0)
  - MLKitCommon (9.0.0):
    - GoogleDataTransport (~> 9.0)
    - GoogleToolboxForMac/Logger (~> 2.1)
    - "GoogleToolboxForMac/NSData+zlib (~> 2.1)"
    - "GoogleToolboxForMac/NSDictionary+URLArguments (~> 2.1)"
    - GoogleUtilities/UserDefaults (~> 7.0)
    - GoogleUtilitiesComponents (~> 1.0)
    - GTMSessionFetcher/Core (< 3.0, >= 1.1)
  - MLKitVision (5.0.0):
    - GoogleToolboxForMac/Logger (~> 2.1)
    - "GoogleToolboxForMac/NSData+zlib (~> 2.1)"
    - GTMSessionFetcher/Core (< 3.0, >= 1.1)
    - MLImage (= 1.0.0-beta4)
    - MLKitCommon (~> 9.0)
  - nanopb (2.30909.0):
    - nanopb/decode (= 2.30909.0)
    - nanopb/encode (= 2.30909.0)
  - nanopb/decode (2.30909.0)
  - nanopb/encode (2.30909.0)
  - PromisesObjC (2.3.1)
  - SwiftKeychainWrapper (4.0.1)

DEPENDENCIES:
  - "Capacitor (from `../../node_modules/.pnpm/@capacitor+ios@6.0.0_@capacitor+core@6.0.0/node_modules/@capacitor/ios`)"
  - "CapacitorApp (from `../../node_modules/.pnpm/@capacitor+app@6.0.0_@capacitor+core@6.0.0/node_modules/@capacitor/app`)"
  - "CapacitorAppLauncher (from `../../node_modules/.pnpm/@capacitor+app-launcher@6.0.0_@capacitor+core@6.0.0/node_modules/@capacitor/app-launcher`)"
  - "CapacitorClipboard (from `../../node_modules/.pnpm/@capacitor+clipboard@6.0.0_@capacitor+core@6.0.0/node_modules/@capacitor/clipboard`)"
  - "CapacitorCordova (from `../../node_modules/.pnpm/@capacitor+ios@6.0.0_@capacitor+core@6.0.0/node_modules/@capacitor/ios`)"
  - "CapacitorFilesystem (from `../../node_modules/.pnpm/@capacitor+filesystem@6.0.0_@capacitor+core@6.0.0/node_modules/@capacitor/filesystem`)"
  - "CapacitorHaptics (from `../../node_modules/.pnpm/@capacitor+haptics@6.0.0_@capacitor+core@6.0.0/node_modules/@capacitor/haptics`)"
  - "CapacitorMlkitBarcodeScanning (from `../../node_modules/.pnpm/@capacitor-mlkit+barcode-scanning@6.0.0_@capacitor+core@6.0.0/node_modules/@capacitor-mlkit/barcode-scanning`)"
  - "CapacitorNetwork (from `../../node_modules/.pnpm/@capacitor+network@6.0.0_@capacitor+core@6.0.0/node_modules/@capacitor/network`)"
  - "CapacitorSecureStoragePlugin (from `../../node_modules/.pnpm/capacitor-secure-storage-plugin@0.9.0_@capacitor+core@6.0.0/node_modules/capacitor-secure-storage-plugin`)"
  - "CapacitorShare (from `../../node_modules/.pnpm/@capacitor+share@6.0.0_@capacitor+core@6.0.0/node_modules/@capacitor/share`)"
  - "CapacitorStatusBar (from `../../node_modules/.pnpm/@capacitor+status-bar@6.0.0_@capacitor+core@6.0.0/node_modules/@capacitor/status-bar`)"
  - "CapacitorToast (from `../../node_modules/.pnpm/@capacitor+toast@6.0.0_@capacitor+core@6.0.0/node_modules/@capacitor/toast`)"
  - CordovaPlugins (from `../capacitor-cordova-ios-plugins`)

SPEC REPOS:
  trunk:
    - GoogleDataTransport
    - GoogleMLKit
    - GoogleToolboxForMac
    - GoogleUtilities
    - GoogleUtilitiesComponents
    - GTMSessionFetcher
    - MLImage
    - MLKitBarcodeScanning
    - MLKitCommon
    - MLKitVision
    - nanopb
    - PromisesObjC
    - SwiftKeychainWrapper

EXTERNAL SOURCES:
  Capacitor:
    :path: "../../node_modules/.pnpm/@capacitor+ios@6.0.0_@capacitor+core@6.0.0/node_modules/@capacitor/ios"
  CapacitorApp:
    :path: "../../node_modules/.pnpm/@capacitor+app@6.0.0_@capacitor+core@6.0.0/node_modules/@capacitor/app"
  CapacitorAppLauncher:
    :path: "../../node_modules/.pnpm/@capacitor+app-launcher@6.0.0_@capacitor+core@6.0.0/node_modules/@capacitor/app-launcher"
  CapacitorClipboard:
    :path: "../../node_modules/.pnpm/@capacitor+clipboard@6.0.0_@capacitor+core@6.0.0/node_modules/@capacitor/clipboard"
  CapacitorCordova:
    :path: "../../node_modules/.pnpm/@capacitor+ios@6.0.0_@capacitor+core@6.0.0/node_modules/@capacitor/ios"
  CapacitorFilesystem:
    :path: "../../node_modules/.pnpm/@capacitor+filesystem@6.0.0_@capacitor+core@6.0.0/node_modules/@capacitor/filesystem"
  CapacitorHaptics:
    :path: "../../node_modules/.pnpm/@capacitor+haptics@6.0.0_@capacitor+core@6.0.0/node_modules/@capacitor/haptics"
  CapacitorMlkitBarcodeScanning:
    :path: "../../node_modules/.pnpm/@capacitor-mlkit+barcode-scanning@6.0.0_@capacitor+core@6.0.0/node_modules/@capacitor-mlkit/barcode-scanning"
  CapacitorNetwork:
    :path: "../../node_modules/.pnpm/@capacitor+network@6.0.0_@capacitor+core@6.0.0/node_modules/@capacitor/network"
  CapacitorSecureStoragePlugin:
    :path: "../../node_modules/.pnpm/capacitor-secure-storage-plugin@0.9.0_@capacitor+core@6.0.0/node_modules/capacitor-secure-storage-plugin"
  CapacitorShare:
    :path: "../../node_modules/.pnpm/@capacitor+share@6.0.0_@capacitor+core@6.0.0/node_modules/@capacitor/share"
  CapacitorStatusBar:
    :path: "../../node_modules/.pnpm/@capacitor+status-bar@6.0.0_@capacitor+core@6.0.0/node_modules/@capacitor/status-bar"
  CapacitorToast:
    :path: "../../node_modules/.pnpm/@capacitor+toast@6.0.0_@capacitor+core@6.0.0/node_modules/@capacitor/toast"
  CordovaPlugins:
    :path: "../capacitor-cordova-ios-plugins"

SPEC CHECKSUMS:
  Capacitor: 559d073c4ca6c27f8e7002c807eea94c3ba435a9
  CapacitorApp: 9d53aec7101f7b030a950c5bdc4df8612576b279
  CapacitorAppLauncher: 24ce4be152a84883378d22114ffe6c492056ced2
  CapacitorClipboard: 80282f684154124b9019ebf401235b70b0cf4994
  CapacitorCordova: 8c4bfdf69368512e85b1d8b724dd7546abeb30af
  CapacitorFilesystem: 60e59ba274c234a979e7a3be2552feaadcee4263
  CapacitorHaptics: 9ebc9363f0e9b8eb4295088a0b474530acf1859b
  CapacitorMlkitBarcodeScanning: 1cc47dc2163628b44be5400864de32696362045b
  CapacitorNetwork: f15a94c16a33cba7c47a17814cb6bcfe3ea34ded
  CapacitorSecureStoragePlugin: e91d7df060f2495a1acff9583641a6953e3aacba
  CapacitorShare: a771200d3b924a5d7ad9d9fecbac517e4c0aa74f
  CapacitorStatusBar: 2e4369f99166125435641b1908d05f561eaba6f6
  CapacitorToast: ba573a7bc5dfd622e78d5be126a84ee221da4180
  CordovaPlugins: 47421933f552e4057fe13f7ee62e34450df34391
  GoogleDataTransport: 54dee9d48d14580407f8f5fbf2f496e92437a2f2
  GoogleMLKit: 2bd0dc6253c4d4f227aad460f69215a504b2980e
  GoogleToolboxForMac: 8bef7c7c5cf7291c687cf5354f39f9db6399ad34
  GoogleUtilities: 13e2c67ede716b8741c7989e26893d151b2b2084
  GoogleUtilitiesComponents: 679b2c881db3b615a2777504623df6122dd20afe
  GTMSessionFetcher: 3a63d75eecd6aa32c2fc79f578064e1214dfdec2
  MLImage: 7bb7c4264164ade9bf64f679b40fb29c8f33ee9b
  MLKitBarcodeScanning: 04e264482c5f3810cb89ebc134ef6b61e67db505
  MLKitCommon: c1b791c3e667091918d91bda4bba69a91011e390
  MLKitVision: 8baa5f46ee3352614169b85250574fde38c36f49
  nanopb: b552cce312b6c8484180ef47159bc0f65a1f0431
  PromisesObjC: c50d2056b5253dadbd6c2bea79b0674bd5a52fa4
  SwiftKeychainWrapper: 807ba1d63c33a7d0613288512399cd1eda1e470c

PODFILE CHECKSUM: ebe6d9c9b4098e5887c69e5ac633656526dc788c

COCOAPODS: 1.14.3
